
Microsoft Visual Studio Solution File, Format Version 12.00
# Visual Studio Version 17
VisualStudioVersion = 17.1.32210.238
MinimumVisualStudioVersion = 10.0.40219.1
Project("{2150E333-8FDC-42A3-9474-1A3956D46DE8}") = "1-3.NET Standard", "1-3.NET Standard", "{D41C71BC-89CC-4E75-A7B7-C2E34EDEFDDD}"
EndProject
Project("{9A19103F-16F7-4668-BE54-9A1E7A4F7556}") = "CoreConsoleApp", "src\CoreConsoleApp\CoreConsoleApp.csproj", "{CC861DCA-17A9-44FD-8212-D39A717A58BD}"
EndProject
Project("{FAE04EC0-301F-11D3-BF4B-00C04F79EFBC}") = "FrameworkConsoleApp", "src\FrameworkConsoleApp\FrameworkConsoleApp.csproj", "{4CABE3D3-2AEB-47DA-ACCB-C70927807702}"
EndProject
Project("{9A19103F-16F7-4668-BE54-9A1E7A4F7556}") = "StandardClassTest", "src\StandardClassTest\StandardClassTest.csproj", "{D191C6BC-584F-4841-AEC1-18188448306B}"
EndProject
Project("{2150E333-8FDC-42A3-9474-1A3956D46DE8}") = "1-6.NET项目结构及程序发布", "1-6.NET项目结构及程序发布", "{B9DB807F-CD0B-4604-AA64-5532F4E166F7}"
EndProject
Project("{9A19103F-16F7-4668-BE54-9A1E7A4F7556}") = "WinFormsApp1", "src\WinFormsApp1\WinFormsApp1.csproj", "{C952931F-5E70-4525-BB52-B43ECF641160}"
EndProject
Project("{2150E333-8FDC-42A3-9474-1A3956D46DE8}") = "2-x-1异步", "2-x-1异步", "{68C9F03F-E47F-452B-B4CB-F2DEF74D4E74}"
EndProject
Project("{9A19103F-16F7-4668-BE54-9A1E7A4F7556}") = "ConsoleApp1", "src\ConsoleApp1\ConsoleApp1.csproj", "{3A4A9AD6-D584-4223-8346-2DDB3A287988}"
EndProject
Project("{9A19103F-16F7-4668-BE54-9A1E7A4F7556}") = "ConsoleApp2", "src\ConsoleApp2\ConsoleApp2.csproj", "{AADE9D38-51E9-47AD-A621-0A694065D689}"
EndProject
Project("{9A19103F-16F7-4668-BE54-9A1E7A4F7556}") = "WinFormsAppDelay", "src\WinFormsAppDelay\WinFormsAppDelay.csproj", "{3B0506B6-3670-4A36-B9A2-D5D0ABEAD9B7}"
EndProject
Project("{9A19103F-16F7-4668-BE54-9A1E7A4F7556}") = "ConsoleAppCancellationToken", "src\ConsoleAppCancellationToken\ConsoleAppCancellationToken.csproj", "{6F581899-CC53-41F5-9D7D-1B8B70D09BE9}"
EndProject
Project("{9A19103F-16F7-4668-BE54-9A1E7A4F7556}") = "WebApplicationCancellationToken2", "src\WebApplicationCancellationToken2\WebApplicationCancellationToken2.csproj", "{6C8E5AF6-C4A3-48ED-A404-D3CFBF260789}"
EndProject
Project("{9A19103F-16F7-4668-BE54-9A1E7A4F7556}") = "ConsoleAppIEnumerable", "src\ConsoleAppIEnumerable\ConsoleAppIEnumerable.csproj", "{7406F371-A533-4D70-BFA0-F8906C243C72}"
EndProject
Project("{2150E333-8FDC-42A3-9474-1A3956D46DE8}") = "2-x-2 LINQ", "2-x-2 LINQ", "{3F43BE0B-5DD3-47ED-85EA-45670C900127}"
EndProject
Project("{9A19103F-16F7-4668-BE54-9A1E7A4F7556}") = "ConsoleAppDelegate", "src\ConsoleAppDelegate\ConsoleAppDelegate.csproj", "{B0ADA6BB-56A3-4C10-99DA-5689446F20E4}"
EndProject
Project("{9A19103F-16F7-4668-BE54-9A1E7A4F7556}") = "Linq1", "src\Linq1\Linq1.csproj", "{06229454-7897-4969-AE54-D07E648A57E0}"
EndProject
Project("{2150E333-8FDC-42A3-9474-1A3956D46DE8}") = "2-x-3 DI", "2-x-3 DI", "{E9B44D66-002D-41EC-9E1F-135E10AF2385}"
EndProject
Project("{9A19103F-16F7-4668-BE54-9A1E7A4F7556}") = "DIExample", "src\DIExample\DIExample.csproj", "{00E18227-2634-4280-9F07-AEF742434FAD}"
EndProject
Project("{2150E333-8FDC-42A3-9474-1A3956D46DE8}") = "2-x-3 DI综合案例", "2-x-3 DI综合案例", "{5B3FE398-8DA1-465C-8706-64E63922396C}"
EndProject
Project("{9A19103F-16F7-4668-BE54-9A1E7A4F7556}") = "ConsoleAppMailSender", "src\ConsoleAppMailSender\ConsoleAppMailSender.csproj", "{0CCCF455-8D1E-4E44-B6A6-15012F87961B}"
EndProject
Project("{9A19103F-16F7-4668-BE54-9A1E7A4F7556}") = "LogServices", "src\LogServices\LogServices.csproj", "{20937142-136D-494B-A8F4-9DAEB8471B49}"
EndProject
Project("{9A19103F-16F7-4668-BE54-9A1E7A4F7556}") = "MailServices", "src\MailServices\MailServices.csproj", "{E5251E85-47B2-41E8-892B-85F121FC13C5}"
EndProject
Project("{9A19103F-16F7-4668-BE54-9A1E7A4F7556}") = "ConfigServices", "src\ConfigServices\ConfigServices.csproj", "{62B5ED08-674B-4ADA-BF23-2B013D32231A}"
EndProject
Project("{2150E333-8FDC-42A3-9474-1A3956D46DE8}") = "2-x-4配置系统", "2-x-4配置系统", "{8AB90BD2-C568-4C56-A681-E76B91A54287}"
EndProject
Project("{9A19103F-16F7-4668-BE54-9A1E7A4F7556}") = "ConsoleAppConfiguration", "src\ConsoleAppConfiguration\ConsoleAppConfiguration.csproj", "{55002BAD-BD51-402F-8406-3FE4969DA075}"
EndProject
Project("{2150E333-8FDC-42A3-9474-1A3956D46DE8}") = "2-x-5日志系统", "2-x-5日志系统", "{AA10B9FA-FEC0-4FA2-A3C6-02365FDA22E3}"
EndProject
Project("{9A19103F-16F7-4668-BE54-9A1E7A4F7556}") = "ConsoleAppLog", "src\ConsoleAppLog\ConsoleAppLog.csproj", "{D1A7FC0D-163C-412A-91D8-8B4F53999947}"
EndProject
Project("{2150E333-8FDC-42A3-9474-1A3956D46DE8}") = "3-1 EFCore", "3-1 EFCore", "{3FBBFA32-7455-4F02-9092-608362467FA9}"
EndProject
Project("{9A19103F-16F7-4668-BE54-9A1E7A4F7556}") = "ConsoleAppEFCore", "src\ConsoleAppEFCore\ConsoleAppEFCore.csproj", "{62158D14-7C39-4752-AE70-0D6C561450A7}"
EndProject
Project("{9A19103F-16F7-4668-BE54-9A1E7A4F7556}") = "ConsoleAppEntityRelationship", "src\ConsoleAppEntityRelationship\ConsoleAppEntityRelationship.csproj", "{601E713A-7B3B-4C84-88FA-7A3464B9BC53}"
EndProject
Project("{9A19103F-16F7-4668-BE54-9A1E7A4F7556}") = "ConsoleAppEFCoreConcurrency", "src\ConsoleAppEFCoreConcurrency\ConsoleAppEFCoreConcurrency.csproj", "{DDA4F45A-F0BA-4F9C-ACDC-D0561387CA66}"
EndProject
Project("{9A19103F-16F7-4668-BE54-9A1E7A4F7556}") = "ConsoleAppExpression", "src\ConsoleAppExpression\ConsoleAppExpression.csproj", "{4F3E9172-98D9-4C85-AB86-EA547DD61045}"
EndProject
Project("{2150E333-8FDC-42A3-9474-1A3956D46DE8}") = "4-1 新语法", "4-1 新语法", "{82275E31-21FC-4646-8A44-23EF439C2034}"
EndProject
Project("{FAE04EC0-301F-11D3-BF4B-00C04F79EFBC}") = "ConsoleAppNewSummary", "src\ConsoleAppNewSummary\ConsoleAppNewSummary.csproj", "{93720099-0CD0-4791-9D48-F2F68617D546}"
EndProject
Project("{2150E333-8FDC-42A3-9474-1A3956D46DE8}") = "4-2 ASP.NET Core Cache", "4-2 ASP.NET Core Cache", "{5183286C-BE02-47D7-89AD-9487A98EE49A}"
EndProject
Project("{9A19103F-16F7-4668-BE54-9A1E7A4F7556}") = "WebApplication1", "src\WebApplication1\WebApplication1.csproj", "{731FF4A3-CD34-4FD4-899F-3C10D09DC78D}"
EndProject
Project("{9A19103F-16F7-4668-BE54-9A1E7A4F7556}") = "WebApi1", "src\WebApi1\WebApi1.csproj", "{BABA5E46-8AC1-4B7C-A923-F3D603463C94}"
EndProject
Project("{9A19103F-16F7-4668-BE54-9A1E7A4F7556}") = "ClassLibrary1", "src\ClassLibrary1\ClassLibrary1.csproj", "{90CBE978-6DC7-4C68-B462-537BC2B7CFF3}"
EndProject
Project("{9A19103F-16F7-4668-BE54-9A1E7A4F7556}") = "WebApplicationCaching", "src\WebApplicationCaching\WebApplicationCaching.csproj", "{6619BA09-EC61-4B87-B770-1BC525E2250C}"
EndProject
Project("{2150E333-8FDC-42A3-9474-1A3956D46DE8}") = "4-3 ASP.NET Core 配置", "4-3 ASP.NET Core 配置", "{C12EC02A-08FB-484F-928A-247FED440362}"
EndProject
Project("{FAE04EC0-301F-11D3-BF4B-00C04F79EFBC}") = "WebApplicationConfig", "src\WebApplicationConfig\WebApplicationConfig.csproj", "{E359F3E2-76FC-4042-82E1-116C10C5597E}"
EndProject
Project("{2150E333-8FDC-42A3-9474-1A3956D46DE8}") = "4-4 Asp.NET Core与EFCore分层", "4-4 Asp.NET Core与EFCore分层", "{3A29776F-B916-495A-93FD-25D9CDFB860E}"
EndProject
Project("{9A19103F-16F7-4668-BE54-9A1E7A4F7556}") = "WebApiWithEFCore", "src\WebApiWithEFCore\WebApiWithEFCore.csproj", "{A47AFD4D-C6BC-4D5D-9AEC-096B46B2D1E5}"
EndProject
Project("{9A19103F-16F7-4668-BE54-9A1E7A4F7556}") = "EFCore", "src\EFCore\EFCore.csproj", "{CBE7C1DC-D3F2-4047-ADD4-B933EFAA5B2B}"
EndProject
Project("{2150E333-8FDC-42A3-9474-1A3956D46DE8}") = "4-5 Asp.NET Core Filter", "4-5 Asp.NET Core Filter", "{02A975FA-F218-4C3E-9CC2-F8184E81E819}"
EndProject
Project("{FAE04EC0-301F-11D3-BF4B-00C04F79EFBC}") = "WebApiFilter", "src\WebApiFilter\WebApiFilter.csproj", "{7528DA26-84A4-4960-80B0-018D46587A95}"
EndProject
Project("{2150E333-8FDC-42A3-9474-1A3956D46DE8}") = "4-5 Asp.NET Core 中间件", "4-5 Asp.NET Core 中间件", "{CD5CBE36-F3CC-43DF-95CC-E4171706640F}"
EndProject
Project("{9A19103F-16F7-4668-BE54-9A1E7A4F7556}") = "AspNetCoreMiddleware", "src\AspNetCoreMiddleware\AspNetCoreMiddleware.csproj", "{E8B7FBBD-8333-46BF-9D26-28DDE50B6240}"
EndProject
Project("{2150E333-8FDC-42A3-9474-1A3956D46DE8}") = "4-6 Asp.NET Core Identity", "4-6 Asp.NET Core Identity", "{7175DE49-AE05-4C24-83DE-8A1AE2F7F0E3}"
EndProject
Project("{9A19103F-16F7-4668-BE54-9A1E7A4F7556}") = "WebApplicationIdentity", "src\WebApplicationIdentity\WebApplicationIdentity.csproj", "{1DD7847F-A436-45BF-80A0-260FE28581B7}"
EndProject
Project("{2150E333-8FDC-42A3-9474-1A3956D46DE8}") = "4-7 Asp.NET Core 托管服务", "4-7 Asp.NET Core 托管服务", "{817CE415-377F-4971-A17D-8C6A02AB984E}"
EndProject
Project("{9A19103F-16F7-4668-BE54-9A1E7A4F7556}") = "WebApplicationHostedServices", "src\WebApplicationHostedServices\WebApplicationHostedServices.csproj", "{350F80F2-286D-4F1E-9FBC-FEF2C1A0EE19}"
EndProject
Project("{2150E333-8FDC-42A3-9474-1A3956D46DE8}") = "4-8 Asp.NET Core 数据校验", "4-8 Asp.NET Core 数据校验", "{E83A4812-70FF-4733-AE16-79CCD59D94F6}"
EndProject
Project("{9A19103F-16F7-4668-BE54-9A1E7A4F7556}") = "FluentValidationWebApi", "src\FluentValidationWebApi\FluentValidationWebApi.csproj", "{0A7D02DD-FC21-48A0-99C4-FB02DFB57745}"
EndProject
Project("{2150E333-8FDC-42A3-9474-1A3956D46DE8}") = "4-9 Asp.NET Core SignalR", "4-9 Asp.NET Core SignalR", "{83670717-8A29-439B-8CA8-504AEEC9CB67}"
EndProject
Project("{9A19103F-16F7-4668-BE54-9A1E7A4F7556}") = "WebApiSignalR", "src\WebApiSignalR\WebApiSignalR.csproj", "{914B1488-3F8E-4511-8B57-764D58DA6AE0}"
EndProject
Project("{2150E333-8FDC-42A3-9474-1A3956D46DE8}") = "5-1 DDD EFCore实现充血模型", "5-1 DDD EFCore实现充血模型", "{463BCC9A-3139-4E10-B2C3-DC10AA809082}"
EndProject
Project("{9A19103F-16F7-4668-BE54-9A1E7A4F7556}") = "ConsoleAppEFCore充血模型", "src\ConsoleAppEFCore充血模型\ConsoleAppEFCore充血模型.csproj", "{1724C86E-8E0C-41E6-99FF-693637C85522}"
EndProject
Project("{9A19103F-16F7-4668-BE54-9A1E7A4F7556}") = "WebApiMediatR", "src\WebApiMediatR\WebApiMediatR.csproj", "{19A57213-8267-48E4-A647-980AB358AD5C}"
EndProject
Project("{2150E333-8FDC-42A3-9474-1A3956D46DE8}") = "5-2 DDD RabbitMQ", "5-2 DDD RabbitMQ", "{4E81B894-4091-4F6D-925A-608BEBAB79AB}"
EndProject
Project("{FAE04EC0-301F-11D3-BF4B-00C04F79EFBC}") = "RabbitMQProducer", "src\RabbitMQProducer\RabbitMQProducer.csproj", "{3C59A36F-289E-4E60-ABC3-4640BB2CBB3A}"
EndProject
Project("{FAE04EC0-301F-11D3-BF4B-00C04F79EFBC}") = "RabbitMQConsumer", "src\RabbitMQConsumer\RabbitMQConsumer.csproj", "{701A84CA-B324-4945-A214-430705043C12}"
EndProject
Project("{FAE04EC0-301F-11D3-BF4B-00C04F79EFBC}") = "WebApiRabbitMQ", "src\WebApiRabbitMQ\WebApiRabbitMQ.csproj", "{76EABAF8-F53E-417C-9B9C-1795C035C501}"
EndProject
Project("{FAE04EC0-301F-11D3-BF4B-00C04F79EFBC}") = "WebApiRabbitMQ2", "src\WebApiRabbitMQ2\WebApiRabbitMQ2.csproj", "{29C03ED2-8736-4422-8373-10A9597D0A88}"
EndProject
Project("{2150E333-8FDC-42A3-9474-1A3956D46DE8}") = "5-3 DDD 整洁架构", "5-3 DDD 整洁架构", "{845152D9-D928-4C31-9D58-83C02B3A0EAB}"
EndProject
Global
	GlobalSection(SolutionConfigurationPlatforms) = preSolution
		Debug|Any CPU = Debug|Any CPU
		Release|Any CPU = Release|Any CPU
	EndGlobalSection
	GlobalSection(ProjectConfigurationPlatforms) = postSolution
		{CC861DCA-17A9-44FD-8212-D39A717A58BD}.Debug|Any CPU.ActiveCfg = Debug|Any CPU
		{CC861DCA-17A9-44FD-8212-D39A717A58BD}.Debug|Any CPU.Build.0 = Debug|Any CPU
		{CC861DCA-17A9-44FD-8212-D39A717A58BD}.Release|Any CPU.ActiveCfg = Release|Any CPU
		{CC861DCA-17A9-44FD-8212-D39A717A58BD}.Release|Any CPU.Build.0 = Release|Any CPU
		{4CABE3D3-2AEB-47DA-ACCB-C70927807702}.Debug|Any CPU.ActiveCfg = Debug|Any CPU
		{4CABE3D3-2AEB-47DA-ACCB-C70927807702}.Debug|Any CPU.Build.0 = Debug|Any CPU
		{4CABE3D3-2AEB-47DA-ACCB-C70927807702}.Release|Any CPU.ActiveCfg = Release|Any CPU
		{4CABE3D3-2AEB-47DA-ACCB-C70927807702}.Release|Any CPU.Build.0 = Release|Any CPU
		{D191C6BC-584F-4841-AEC1-18188448306B}.Debug|Any CPU.ActiveCfg = Debug|Any CPU
		{D191C6BC-584F-4841-AEC1-18188448306B}.Debug|Any CPU.Build.0 = Debug|Any CPU
		{D191C6BC-584F-4841-AEC1-18188448306B}.Release|Any CPU.ActiveCfg = Release|Any CPU
		{D191C6BC-584F-4841-AEC1-18188448306B}.Release|Any CPU.Build.0 = Release|Any CPU
		{C952931F-5E70-4525-BB52-B43ECF641160}.Debug|Any CPU.ActiveCfg = Debug|Any CPU
		{C952931F-5E70-4525-BB52-B43ECF641160}.Debug|Any CPU.Build.0 = Debug|Any CPU
		{C952931F-5E70-4525-BB52-B43ECF641160}.Release|Any CPU.ActiveCfg = Release|Any CPU
		{C952931F-5E70-4525-BB52-B43ECF641160}.Release|Any CPU.Build.0 = Release|Any CPU
		{3A4A9AD6-D584-4223-8346-2DDB3A287988}.Debug|Any CPU.ActiveCfg = Debug|Any CPU
		{3A4A9AD6-D584-4223-8346-2DDB3A287988}.Debug|Any CPU.Build.0 = Debug|Any CPU
		{3A4A9AD6-D584-4223-8346-2DDB3A287988}.Release|Any CPU.ActiveCfg = Release|Any CPU
		{3A4A9AD6-D584-4223-8346-2DDB3A287988}.Release|Any CPU.Build.0 = Release|Any CPU
		{AADE9D38-51E9-47AD-A621-0A694065D689}.Debug|Any CPU.ActiveCfg = Debug|Any CPU
		{AADE9D38-51E9-47AD-A621-0A694065D689}.Debug|Any CPU.Build.0 = Debug|Any CPU
		{AADE9D38-51E9-47AD-A621-0A694065D689}.Release|Any CPU.ActiveCfg = Release|Any CPU
		{AADE9D38-51E9-47AD-A621-0A694065D689}.Release|Any CPU.Build.0 = Release|Any CPU
		{3B0506B6-3670-4A36-B9A2-D5D0ABEAD9B7}.Debug|Any CPU.ActiveCfg = Debug|Any CPU
		{3B0506B6-3670-4A36-B9A2-D5D0ABEAD9B7}.Debug|Any CPU.Build.0 = Debug|Any CPU
		{3B0506B6-3670-4A36-B9A2-D5D0ABEAD9B7}.Release|Any CPU.ActiveCfg = Release|Any CPU
		{3B0506B6-3670-4A36-B9A2-D5D0ABEAD9B7}.Release|Any CPU.Build.0 = Release|Any CPU
		{6F581899-CC53-41F5-9D7D-1B8B70D09BE9}.Debug|Any CPU.ActiveCfg = Debug|Any CPU
		{6F581899-CC53-41F5-9D7D-1B8B70D09BE9}.Debug|Any CPU.Build.0 = Debug|Any CPU
		{6F581899-CC53-41F5-9D7D-1B8B70D09BE9}.Release|Any CPU.ActiveCfg = Release|Any CPU
		{6F581899-CC53-41F5-9D7D-1B8B70D09BE9}.Release|Any CPU.Build.0 = Release|Any CPU
		{6C8E5AF6-C4A3-48ED-A404-D3CFBF260789}.Debug|Any CPU.ActiveCfg = Debug|Any CPU
		{6C8E5AF6-C4A3-48ED-A404-D3CFBF260789}.Debug|Any CPU.Build.0 = Debug|Any CPU
		{6C8E5AF6-C4A3-48ED-A404-D3CFBF260789}.Release|Any CPU.ActiveCfg = Release|Any CPU
		{6C8E5AF6-C4A3-48ED-A404-D3CFBF260789}.Release|Any CPU.Build.0 = Release|Any CPU
		{7406F371-A533-4D70-BFA0-F8906C243C72}.Debug|Any CPU.ActiveCfg = Debug|Any CPU
		{7406F371-A533-4D70-BFA0-F8906C243C72}.Debug|Any CPU.Build.0 = Debug|Any CPU
		{7406F371-A533-4D70-BFA0-F8906C243C72}.Release|Any CPU.ActiveCfg = Release|Any CPU
		{7406F371-A533-4D70-BFA0-F8906C243C72}.Release|Any CPU.Build.0 = Release|Any CPU
		{B0ADA6BB-56A3-4C10-99DA-5689446F20E4}.Debug|Any CPU.ActiveCfg = Debug|Any CPU
		{B0ADA6BB-56A3-4C10-99DA-5689446F20E4}.Debug|Any CPU.Build.0 = Debug|Any CPU
		{B0ADA6BB-56A3-4C10-99DA-5689446F20E4}.Release|Any CPU.ActiveCfg = Release|Any CPU
		{B0ADA6BB-56A3-4C10-99DA-5689446F20E4}.Release|Any CPU.Build.0 = Release|Any CPU
		{06229454-7897-4969-AE54-D07E648A57E0}.Debug|Any CPU.ActiveCfg = Debug|Any CPU
		{06229454-7897-4969-AE54-D07E648A57E0}.Debug|Any CPU.Build.0 = Debug|Any CPU
		{06229454-7897-4969-AE54-D07E648A57E0}.Release|Any CPU.ActiveCfg = Release|Any CPU
		{06229454-7897-4969-AE54-D07E648A57E0}.Release|Any CPU.Build.0 = Release|Any CPU
		{00E18227-2634-4280-9F07-AEF742434FAD}.Debug|Any CPU.ActiveCfg = Debug|Any CPU
		{00E18227-2634-4280-9F07-AEF742434FAD}.Debug|Any CPU.Build.0 = Debug|Any CPU
		{00E18227-2634-4280-9F07-AEF742434FAD}.Release|Any CPU.ActiveCfg = Release|Any CPU
		{00E18227-2634-4280-9F07-AEF742434FAD}.Release|Any CPU.Build.0 = Release|Any CPU
		{0CCCF455-8D1E-4E44-B6A6-15012F87961B}.Debug|Any CPU.ActiveCfg = Debug|Any CPU
		{0CCCF455-8D1E-4E44-B6A6-15012F87961B}.Debug|Any CPU.Build.0 = Debug|Any CPU
		{0CCCF455-8D1E-4E44-B6A6-15012F87961B}.Release|Any CPU.ActiveCfg = Release|Any CPU
		{0CCCF455-8D1E-4E44-B6A6-15012F87961B}.Release|Any CPU.Build.0 = Release|Any CPU
		{20937142-136D-494B-A8F4-9DAEB8471B49}.Debug|Any CPU.ActiveCfg = Debug|Any CPU
		{20937142-136D-494B-A8F4-9DAEB8471B49}.Debug|Any CPU.Build.0 = Debug|Any CPU
		{20937142-136D-494B-A8F4-9DAEB8471B49}.Release|Any CPU.ActiveCfg = Release|Any CPU
		{20937142-136D-494B-A8F4-9DAEB8471B49}.Release|Any CPU.Build.0 = Release|Any CPU
		{E5251E85-47B2-41E8-892B-85F121FC13C5}.Debug|Any CPU.ActiveCfg = Debug|Any CPU
		{E5251E85-47B2-41E8-892B-85F121FC13C5}.Debug|Any CPU.Build.0 = Debug|Any CPU
		{E5251E85-47B2-41E8-892B-85F121FC13C5}.Release|Any CPU.ActiveCfg = Release|Any CPU
		{E5251E85-47B2-41E8-892B-85F121FC13C5}.Release|Any CPU.Build.0 = Release|Any CPU
		{62B5ED08-674B-4ADA-BF23-2B013D32231A}.Debug|Any CPU.ActiveCfg = Debug|Any CPU
		{62B5ED08-674B-4ADA-BF23-2B013D32231A}.Debug|Any CPU.Build.0 = Debug|Any CPU
		{62B5ED08-674B-4ADA-BF23-2B013D32231A}.Release|Any CPU.ActiveCfg = Release|Any CPU
		{62B5ED08-674B-4ADA-BF23-2B013D32231A}.Release|Any CPU.Build.0 = Release|Any CPU
		{55002BAD-BD51-402F-8406-3FE4969DA075}.Debug|Any CPU.ActiveCfg = Debug|Any CPU
		{55002BAD-BD51-402F-8406-3FE4969DA075}.Debug|Any CPU.Build.0 = Debug|Any CPU
		{55002BAD-BD51-402F-8406-3FE4969DA075}.Release|Any CPU.ActiveCfg = Release|Any CPU
		{55002BAD-BD51-402F-8406-3FE4969DA075}.Release|Any CPU.Build.0 = Release|Any CPU
		{D1A7FC0D-163C-412A-91D8-8B4F53999947}.Debug|Any CPU.ActiveCfg = Debug|Any CPU
		{D1A7FC0D-163C-412A-91D8-8B4F53999947}.Debug|Any CPU.Build.0 = Debug|Any CPU
		{D1A7FC0D-163C-412A-91D8-8B4F53999947}.Release|Any CPU.ActiveCfg = Release|Any CPU
		{D1A7FC0D-163C-412A-91D8-8B4F53999947}.Release|Any CPU.Build.0 = Release|Any CPU
		{62158D14-7C39-4752-AE70-0D6C561450A7}.Debug|Any CPU.ActiveCfg = Debug|Any CPU
		{62158D14-7C39-4752-AE70-0D6C561450A7}.Debug|Any CPU.Build.0 = Debug|Any CPU
		{62158D14-7C39-4752-AE70-0D6C561450A7}.Release|Any CPU.ActiveCfg = Release|Any CPU
		{62158D14-7C39-4752-AE70-0D6C561450A7}.Release|Any CPU.Build.0 = Release|Any CPU
		{601E713A-7B3B-4C84-88FA-7A3464B9BC53}.Debug|Any CPU.ActiveCfg = Debug|Any CPU
		{601E713A-7B3B-4C84-88FA-7A3464B9BC53}.Debug|Any CPU.Build.0 = Debug|Any CPU
		{601E713A-7B3B-4C84-88FA-7A3464B9BC53}.Release|Any CPU.ActiveCfg = Release|Any CPU
		{601E713A-7B3B-4C84-88FA-7A3464B9BC53}.Release|Any CPU.Build.0 = Release|Any CPU
		{DDA4F45A-F0BA-4F9C-ACDC-D0561387CA66}.Debug|Any CPU.ActiveCfg = Debug|Any CPU
		{DDA4F45A-F0BA-4F9C-ACDC-D0561387CA66}.Debug|Any CPU.Build.0 = Debug|Any CPU
		{DDA4F45A-F0BA-4F9C-ACDC-D0561387CA66}.Release|Any CPU.ActiveCfg = Release|Any CPU
		{DDA4F45A-F0BA-4F9C-ACDC-D0561387CA66}.Release|Any CPU.Build.0 = Release|Any CPU
		{4F3E9172-98D9-4C85-AB86-EA547DD61045}.Debug|Any CPU.ActiveCfg = Debug|Any CPU
		{4F3E9172-98D9-4C85-AB86-EA547DD61045}.Debug|Any CPU.Build.0 = Debug|Any CPU
		{4F3E9172-98D9-4C85-AB86-EA547DD61045}.Release|Any CPU.ActiveCfg = Release|Any CPU
		{4F3E9172-98D9-4C85-AB86-EA547DD61045}.Release|Any CPU.Build.0 = Release|Any CPU
		{93720099-0CD0-4791-9D48-F2F68617D546}.Debug|Any CPU.ActiveCfg = Debug|Any CPU
		{93720099-0CD0-4791-9D48-F2F68617D546}.Debug|Any CPU.Build.0 = Debug|Any CPU
		{93720099-0CD0-4791-9D48-F2F68617D546}.Release|Any CPU.ActiveCfg = Release|Any CPU
		{93720099-0CD0-4791-9D48-F2F68617D546}.Release|Any CPU.Build.0 = Release|Any CPU
		{731FF4A3-CD34-4FD4-899F-3C10D09DC78D}.Debug|Any CPU.ActiveCfg = Debug|Any CPU
		{731FF4A3-CD34-4FD4-899F-3C10D09DC78D}.Debug|Any CPU.Build.0 = Debug|Any CPU
		{731FF4A3-CD34-4FD4-899F-3C10D09DC78D}.Release|Any CPU.ActiveCfg = Release|Any CPU
		{731FF4A3-CD34-4FD4-899F-3C10D09DC78D}.Release|Any CPU.Build.0 = Release|Any CPU
		{BABA5E46-8AC1-4B7C-A923-F3D603463C94}.Debug|Any CPU.ActiveCfg = Debug|Any CPU
		{BABA5E46-8AC1-4B7C-A923-F3D603463C94}.Debug|Any CPU.Build.0 = Debug|Any CPU
		{BABA5E46-8AC1-4B7C-A923-F3D603463C94}.Release|Any CPU.ActiveCfg = Release|Any CPU
		{BABA5E46-8AC1-4B7C-A923-F3D603463C94}.Release|Any CPU.Build.0 = Release|Any CPU
		{90CBE978-6DC7-4C68-B462-537BC2B7CFF3}.Debug|Any CPU.ActiveCfg = Debug|Any CPU
		{90CBE978-6DC7-4C68-B462-537BC2B7CFF3}.Debug|Any CPU.Build.0 = Debug|Any CPU
		{90CBE978-6DC7-4C68-B462-537BC2B7CFF3}.Release|Any CPU.ActiveCfg = Release|Any CPU
		{90CBE978-6DC7-4C68-B462-537BC2B7CFF3}.Release|Any CPU.Build.0 = Release|Any CPU
		{6619BA09-EC61-4B87-B770-1BC525E2250C}.Debug|Any CPU.ActiveCfg = Debug|Any CPU
		{6619BA09-EC61-4B87-B770-1BC525E2250C}.Debug|Any CPU.Build.0 = Debug|Any CPU
		{6619BA09-EC61-4B87-B770-1BC525E2250C}.Release|Any CPU.ActiveCfg = Release|Any CPU
		{6619BA09-EC61-4B87-B770-1BC525E2250C}.Release|Any CPU.Build.0 = Release|Any CPU
		{E359F3E2-76FC-4042-82E1-116C10C5597E}.Debug|Any CPU.ActiveCfg = Debug|Any CPU
		{E359F3E2-76FC-4042-82E1-116C10C5597E}.Debug|Any CPU.Build.0 = Debug|Any CPU
		{E359F3E2-76FC-4042-82E1-116C10C5597E}.Release|Any CPU.ActiveCfg = Release|Any CPU
		{E359F3E2-76FC-4042-82E1-116C10C5597E}.Release|Any CPU.Build.0 = Release|Any CPU
		{A47AFD4D-C6BC-4D5D-9AEC-096B46B2D1E5}.Debug|Any CPU.ActiveCfg = Debug|Any CPU
		{A47AFD4D-C6BC-4D5D-9AEC-096B46B2D1E5}.Debug|Any CPU.Build.0 = Debug|Any CPU
		{A47AFD4D-C6BC-4D5D-9AEC-096B46B2D1E5}.Release|Any CPU.ActiveCfg = Release|Any CPU
		{A47AFD4D-C6BC-4D5D-9AEC-096B46B2D1E5}.Release|Any CPU.Build.0 = Release|Any CPU
		{CBE7C1DC-D3F2-4047-ADD4-B933EFAA5B2B}.Debug|Any CPU.ActiveCfg = Debug|Any CPU
		{CBE7C1DC-D3F2-4047-ADD4-B933EFAA5B2B}.Debug|Any CPU.Build.0 = Debug|Any CPU
		{CBE7C1DC-D3F2-4047-ADD4-B933EFAA5B2B}.Release|Any CPU.ActiveCfg = Release|Any CPU
		{CBE7C1DC-D3F2-4047-ADD4-B933EFAA5B2B}.Release|Any CPU.Build.0 = Release|Any CPU
		{7528DA26-84A4-4960-80B0-018D46587A95}.Debug|Any CPU.ActiveCfg = Debug|Any CPU
		{7528DA26-84A4-4960-80B0-018D46587A95}.Debug|Any CPU.Build.0 = Debug|Any CPU
		{7528DA26-84A4-4960-80B0-018D46587A95}.Release|Any CPU.ActiveCfg = Release|Any CPU
		{7528DA26-84A4-4960-80B0-018D46587A95}.Release|Any CPU.Build.0 = Release|Any CPU
		{E8B7FBBD-8333-46BF-9D26-28DDE50B6240}.Debug|Any CPU.ActiveCfg = Debug|Any CPU
		{E8B7FBBD-8333-46BF-9D26-28DDE50B6240}.Debug|Any CPU.Build.0 = Debug|Any CPU
		{E8B7FBBD-8333-46BF-9D26-28DDE50B6240}.Release|Any CPU.ActiveCfg = Release|Any CPU
		{E8B7FBBD-8333-46BF-9D26-28DDE50B6240}.Release|Any CPU.Build.0 = Release|Any CPU
		{1DD7847F-A436-45BF-80A0-260FE28581B7}.Debug|Any CPU.ActiveCfg = Debug|Any CPU
		{1DD7847F-A436-45BF-80A0-260FE28581B7}.Debug|Any CPU.Build.0 = Debug|Any CPU
		{1DD7847F-A436-45BF-80A0-260FE28581B7}.Release|Any CPU.ActiveCfg = Release|Any CPU
		{1DD7847F-A436-45BF-80A0-260FE28581B7}.Release|Any CPU.Build.0 = Release|Any CPU
		{350F80F2-286D-4F1E-9FBC-FEF2C1A0EE19}.Debug|Any CPU.ActiveCfg = Debug|Any CPU
		{350F80F2-286D-4F1E-9FBC-FEF2C1A0EE19}.Debug|Any CPU.Build.0 = Debug|Any CPU
		{350F80F2-286D-4F1E-9FBC-FEF2C1A0EE19}.Release|Any CPU.ActiveCfg = Release|Any CPU
		{350F80F2-286D-4F1E-9FBC-FEF2C1A0EE19}.Release|Any CPU.Build.0 = Release|Any CPU
		{0A7D02DD-FC21-48A0-99C4-FB02DFB57745}.Debug|Any CPU.ActiveCfg = Debug|Any CPU
		{0A7D02DD-FC21-48A0-99C4-FB02DFB57745}.Debug|Any CPU.Build.0 = Debug|Any CPU
		{0A7D02DD-FC21-48A0-99C4-FB02DFB57745}.Release|Any CPU.ActiveCfg = Release|Any CPU
		{0A7D02DD-FC21-48A0-99C4-FB02DFB57745}.Release|Any CPU.Build.0 = Release|Any CPU
		{914B1488-3F8E-4511-8B57-764D58DA6AE0}.Debug|Any CPU.ActiveCfg = Debug|Any CPU
		{914B1488-3F8E-4511-8B57-764D58DA6AE0}.Debug|Any CPU.Build.0 = Debug|Any CPU
		{914B1488-3F8E-4511-8B57-764D58DA6AE0}.Release|Any CPU.ActiveCfg = Release|Any CPU
		{914B1488-3F8E-4511-8B57-764D58DA6AE0}.Release|Any CPU.Build.0 = Release|Any CPU
		{1724C86E-8E0C-41E6-99FF-693637C85522}.Debug|Any CPU.ActiveCfg = Debug|Any CPU
		{1724C86E-8E0C-41E6-99FF-693637C85522}.Debug|Any CPU.Build.0 = Debug|Any CPU
		{1724C86E-8E0C-41E6-99FF-693637C85522}.Release|Any CPU.ActiveCfg = Release|Any CPU
		{1724C86E-8E0C-41E6-99FF-693637C85522}.Release|Any CPU.Build.0 = Release|Any CPU
		{19A57213-8267-48E4-A647-980AB358AD5C}.Debug|Any CPU.ActiveCfg = Debug|Any CPU
		{19A57213-8267-48E4-A647-980AB358AD5C}.Debug|Any CPU.Build.0 = Debug|Any CPU
		{19A57213-8267-48E4-A647-980AB358AD5C}.Release|Any CPU.ActiveCfg = Release|Any CPU
		{19A57213-8267-48E4-A647-980AB358AD5C}.Release|Any CPU.Build.0 = Release|Any CPU
		{3C59A36F-289E-4E60-ABC3-4640BB2CBB3A}.Debug|Any CPU.ActiveCfg = Debug|Any CPU
		{3C59A36F-289E-4E60-ABC3-4640BB2CBB3A}.Debug|Any CPU.Build.0 = Debug|Any CPU
		{3C59A36F-289E-4E60-ABC3-4640BB2CBB3A}.Release|Any CPU.ActiveCfg = Release|Any CPU
		{3C59A36F-289E-4E60-ABC3-4640BB2CBB3A}.Release|Any CPU.Build.0 = Release|Any CPU
		{701A84CA-B324-4945-A214-430705043C12}.Debug|Any CPU.ActiveCfg = Debug|Any CPU
		{701A84CA-B324-4945-A214-430705043C12}.Debug|Any CPU.Build.0 = Debug|Any CPU
		{701A84CA-B324-4945-A214-430705043C12}.Release|Any CPU.ActiveCfg = Release|Any CPU
		{701A84CA-B324-4945-A214-430705043C12}.Release|Any CPU.Build.0 = Release|Any CPU
		{76EABAF8-F53E-417C-9B9C-1795C035C501}.Debug|Any CPU.ActiveCfg = Debug|Any CPU
		{76EABAF8-F53E-417C-9B9C-1795C035C501}.Debug|Any CPU.Build.0 = Debug|Any CPU
		{76EABAF8-F53E-417C-9B9C-1795C035C501}.Release|Any CPU.ActiveCfg = Release|Any CPU
		{76EABAF8-F53E-417C-9B9C-1795C035C501}.Release|Any CPU.Build.0 = Release|Any CPU
		{29C03ED2-8736-4422-8373-10A9597D0A88}.Debug|Any CPU.ActiveCfg = Debug|Any CPU
		{29C03ED2-8736-4422-8373-10A9597D0A88}.Debug|Any CPU.Build.0 = Debug|Any CPU
		{29C03ED2-8736-4422-8373-10A9597D0A88}.Release|Any CPU.ActiveCfg = Release|Any CPU
		{29C03ED2-8736-4422-8373-10A9597D0A88}.Release|Any CPU.Build.0 = Release|Any CPU
	EndGlobalSection
	GlobalSection(SolutionProperties) = preSolution
		HideSolutionNode = FALSE
	EndGlobalSection
	GlobalSection(NestedProjects) = preSolution
		{CC861DCA-17A9-44FD-8212-D39A717A58BD} = {D41C71BC-89CC-4E75-A7B7-C2E34EDEFDDD}
		{4CABE3D3-2AEB-47DA-ACCB-C70927807702} = {D41C71BC-89CC-4E75-A7B7-C2E34EDEFDDD}
		{D191C6BC-584F-4841-AEC1-18188448306B} = {D41C71BC-89CC-4E75-A7B7-C2E34EDEFDDD}
		{C952931F-5E70-4525-BB52-B43ECF641160} = {B9DB807F-CD0B-4604-AA64-5532F4E166F7}
		{3A4A9AD6-D584-4223-8346-2DDB3A287988} = {68C9F03F-E47F-452B-B4CB-F2DEF74D4E74}
		{AADE9D38-51E9-47AD-A621-0A694065D689} = {68C9F03F-E47F-452B-B4CB-F2DEF74D4E74}
		{3B0506B6-3670-4A36-B9A2-D5D0ABEAD9B7} = {68C9F03F-E47F-452B-B4CB-F2DEF74D4E74}
		{6F581899-CC53-41F5-9D7D-1B8B70D09BE9} = {68C9F03F-E47F-452B-B4CB-F2DEF74D4E74}
		{6C8E5AF6-C4A3-48ED-A404-D3CFBF260789} = {68C9F03F-E47F-452B-B4CB-F2DEF74D4E74}
		{7406F371-A533-4D70-BFA0-F8906C243C72} = {68C9F03F-E47F-452B-B4CB-F2DEF74D4E74}
		{B0ADA6BB-56A3-4C10-99DA-5689446F20E4} = {3F43BE0B-5DD3-47ED-85EA-45670C900127}
		{06229454-7897-4969-AE54-D07E648A57E0} = {3F43BE0B-5DD3-47ED-85EA-45670C900127}
		{00E18227-2634-4280-9F07-AEF742434FAD} = {E9B44D66-002D-41EC-9E1F-135E10AF2385}
		{0CCCF455-8D1E-4E44-B6A6-15012F87961B} = {5B3FE398-8DA1-465C-8706-64E63922396C}
		{20937142-136D-494B-A8F4-9DAEB8471B49} = {5B3FE398-8DA1-465C-8706-64E63922396C}
		{E5251E85-47B2-41E8-892B-85F121FC13C5} = {5B3FE398-8DA1-465C-8706-64E63922396C}
		{62B5ED08-674B-4ADA-BF23-2B013D32231A} = {5B3FE398-8DA1-465C-8706-64E63922396C}
		{55002BAD-BD51-402F-8406-3FE4969DA075} = {8AB90BD2-C568-4C56-A681-E76B91A54287}
		{D1A7FC0D-163C-412A-91D8-8B4F53999947} = {AA10B9FA-FEC0-4FA2-A3C6-02365FDA22E3}
		{62158D14-7C39-4752-AE70-0D6C561450A7} = {3FBBFA32-7455-4F02-9092-608362467FA9}
		{601E713A-7B3B-4C84-88FA-7A3464B9BC53} = {3FBBFA32-7455-4F02-9092-608362467FA9}
		{DDA4F45A-F0BA-4F9C-ACDC-D0561387CA66} = {3FBBFA32-7455-4F02-9092-608362467FA9}
		{4F3E9172-98D9-4C85-AB86-EA547DD61045} = {3FBBFA32-7455-4F02-9092-608362467FA9}
		{93720099-0CD0-4791-9D48-F2F68617D546} = {82275E31-21FC-4646-8A44-23EF439C2034}
		{731FF4A3-CD34-4FD4-899F-3C10D09DC78D} = {5183286C-BE02-47D7-89AD-9487A98EE49A}
		{BABA5E46-8AC1-4B7C-A923-F3D603463C94} = {5183286C-BE02-47D7-89AD-9487A98EE49A}
		{90CBE978-6DC7-4C68-B462-537BC2B7CFF3} = {5183286C-BE02-47D7-89AD-9487A98EE49A}
		{6619BA09-EC61-4B87-B770-1BC525E2250C} = {5183286C-BE02-47D7-89AD-9487A98EE49A}
		{E359F3E2-76FC-4042-82E1-116C10C5597E} = {C12EC02A-08FB-484F-928A-247FED440362}
		{A47AFD4D-C6BC-4D5D-9AEC-096B46B2D1E5} = {3A29776F-B916-495A-93FD-25D9CDFB860E}
		{CBE7C1DC-D3F2-4047-ADD4-B933EFAA5B2B} = {3A29776F-B916-495A-93FD-25D9CDFB860E}
		{7528DA26-84A4-4960-80B0-018D46587A95} = {02A975FA-F218-4C3E-9CC2-F8184E81E819}
		{E8B7FBBD-8333-46BF-9D26-28DDE50B6240} = {CD5CBE36-F3CC-43DF-95CC-E4171706640F}
		{1DD7847F-A436-45BF-80A0-260FE28581B7} = {7175DE49-AE05-4C24-83DE-8A1AE2F7F0E3}
		{350F80F2-286D-4F1E-9FBC-FEF2C1A0EE19} = {817CE415-377F-4971-A17D-8C6A02AB984E}
		{0A7D02DD-FC21-48A0-99C4-FB02DFB57745} = {E83A4812-70FF-4733-AE16-79CCD59D94F6}
		{914B1488-3F8E-4511-8B57-764D58DA6AE0} = {83670717-8A29-439B-8CA8-504AEEC9CB67}
		{1724C86E-8E0C-41E6-99FF-693637C85522} = {463BCC9A-3139-4E10-B2C3-DC10AA809082}
		{19A57213-8267-48E4-A647-980AB358AD5C} = {463BCC9A-3139-4E10-B2C3-DC10AA809082}
		{3C59A36F-289E-4E60-ABC3-4640BB2CBB3A} = {4E81B894-4091-4F6D-925A-608BEBAB79AB}
		{701A84CA-B324-4945-A214-430705043C12} = {4E81B894-4091-4F6D-925A-608BEBAB79AB}
		{76EABAF8-F53E-417C-9B9C-1795C035C501} = {4E81B894-4091-4F6D-925A-608BEBAB79AB}
		{29C03ED2-8736-4422-8373-10A9597D0A88} = {4E81B894-4091-4F6D-925A-608BEBAB79AB}
	EndGlobalSection
	GlobalSection(ExtensibilityGlobals) = postSolution
		SolutionGuid = {F8C5C5AD-F775-4D7E-BD1E-BCB0830CA770}
	EndGlobalSection
EndGlobal
